{
  "name": "monaco-editor-demo",
  "version": "1.0.0",
  "lockfileVersion": 1,
  "requires": true,
  "dependencies": {
    "monaco-editor": {
      "version": "0.25.2",
      "resolved": "https://registry.npmjs.org/monaco-editor/-/monaco-editor-0.25.2.tgz",
      "integrity": "sha512-5iylzSJevCnzJn9UVsW8yOZ3yHjmAs4TfvH3zsbftKiFKmHG0xirGN6DK9Kk04VSWxYCZZAIafYJoNJJMAU1KA=="
    }
  }
}
